
Microsoft Visual Studio Solution File, Format Version 12.00
# Visual Studio Version 17
VisualStudioVersion = 17.8.34309.116
MinimumVisualStudioVersion = 10.0.40219.1
Project("{9A19103F-16F7-4668-BE54-9A1E7A4F7556}") = "AuthService", "..\AuthService\AuthService.csproj", "{F1F575C6-85D8-4457-ADA6-06F6289591D5}"
EndProject
Project("{9A19103F-16F7-4668-BE54-9A1E7A4F7556}") = "ChatAppServiceBus", "ChatAppServiceBus\ChatAppServiceBus.csproj", "{61E39543-2C36-40E2-BA42-98656FC53785}"
EndProject
Project("{9A19103F-16F7-4668-BE54-9A1E7A4F7556}") = "MailService", "MailService\MailService.csproj", "{22AD86A6-0B02-4097-8821-5737D168038E}"
EndProject
Project("{FAE04EC0-301F-11D3-BF4B-00C04F79EFBC}") = "PostService", "PostService\PostService.csproj", "{A6969EE6-353A-4968-9189-3776DF16E13D}"
EndProject
Global
	GlobalSection(SolutionConfigurationPlatforms) = preSolution
		Debug|Any CPU = Debug|Any CPU
		Release|Any CPU = Release|Any CPU
	EndGlobalSection
	GlobalSection(ProjectConfigurationPlatforms) = postSolution
		{F1F575C6-85D8-4457-ADA6-06F6289591D5}.Debug|Any CPU.ActiveCfg = Debug|Any CPU
		{F1F575C6-85D8-4457-ADA6-06F6289591D5}.Debug|Any CPU.Build.0 = Debug|Any CPU
		{F1F575C6-85D8-4457-ADA6-06F6289591D5}.Release|Any CPU.ActiveCfg = Release|Any CPU
		{F1F575C6-85D8-4457-ADA6-06F6289591D5}.Release|Any CPU.Build.0 = Release|Any CPU
		{61E39543-2C36-40E2-BA42-98656FC53785}.Debug|Any CPU.ActiveCfg = Debug|Any CPU
		{61E39543-2C36-40E2-BA42-98656FC53785}.Debug|Any CPU.Build.0 = Debug|Any CPU
		{61E39543-2C36-40E2-BA42-98656FC53785}.Release|Any CPU.ActiveCfg = Release|Any CPU
		{61E39543-2C36-40E2-BA42-98656FC53785}.Release|Any CPU.Build.0 = Release|Any CPU
		{22AD86A6-0B02-4097-8821-5737D168038E}.Debug|Any CPU.ActiveCfg = Debug|Any CPU
		{22AD86A6-0B02-4097-8821-5737D168038E}.Debug|Any CPU.Build.0 = Debug|Any CPU
		{22AD86A6-0B02-4097-8821-5737D168038E}.Release|Any CPU.ActiveCfg = Release|Any CPU
		{22AD86A6-0B02-4097-8821-5737D168038E}.Release|Any CPU.Build.0 = Release|Any CPU
		{A6969EE6-353A-4968-9189-3776DF16E13D}.Debug|Any CPU.ActiveCfg = Debug|Any CPU
		{A6969EE6-353A-4968-9189-3776DF16E13D}.Debug|Any CPU.Build.0 = Debug|Any CPU
		{A6969EE6-353A-4968-9189-3776DF16E13D}.Release|Any CPU.ActiveCfg = Release|Any CPU
		{A6969EE6-353A-4968-9189-3776DF16E13D}.Release|Any CPU.Build.0 = Release|Any CPU
	EndGlobalSection
	GlobalSection(SolutionProperties) = preSolution
		HideSolutionNode = FALSE
	EndGlobalSection
	GlobalSection(ExtensibilityGlobals) = postSolution
		SolutionGuid = {FC8D3EAA-DFC5-48AF-A5E4-979B0A08E934}
	EndGlobalSection
EndGlobal
